
Microsoft Visual Studio Solution File, Format Version 12.00
# Visual Studio Version 17
VisualStudioVersion = 17.9.34701.34
MinimumVisualStudioVersion = 10.0.40219.1
Project("{FAE04EC0-301F-11D3-BF4B-00C04F79EFBC}") = "lab5_cau4", "lab5_cau4\lab5_cau4.csproj", "{B805503A-9A00-4D5F-8653-12E90205F637}"
EndProject
Global
	GlobalSection(SolutionConfigurationPlatforms) = preSolution
		Debug|Any CPU = Debug|Any CPU
		Release|Any CPU = Release|Any CPU
	EndGlobalSection
	GlobalSection(ProjectConfigurationPlatforms) = postSolution
		{B805503A-9A00-4D5F-8653-12E90205F637}.Debug|Any CPU.ActiveCfg = Debug|Any CPU
		{B805503A-9A00-4D5F-8653-12E90205F637}.Debug|Any CPU.Build.0 = Debug|Any CPU
		{B805503A-9A00-4D5F-8653-12E90205F637}.Release|Any CPU.ActiveCfg = Release|Any CPU
		{B805503A-9A00-4D5F-8653-12E90205F637}.Release|Any CPU.Build.0 = Release|Any CPU
	EndGlobalSection
	GlobalSection(SolutionProperties) = preSolution
		HideSolutionNode = FALSE
	EndGlobalSection
	GlobalSection(ExtensibilityGlobals) = postSolution
		SolutionGuid = {672BAA86-8570-4AAA-8C62-FB07447DC3E2}
	EndGlobalSection
EndGlobal
